
Microsoft Visual Studio Solution File, Format Version 12.00
# Visual Studio Version 16
VisualStudioVersion = 16.0.33927.289
MinimumVisualStudioVersion = 10.0.40219.1
Project("{2150E333-8FDC-42A3-9474-1A3956D46DE8}") = "Task0", "Task0", "{AE1539E7-8205-4B99-9BA2-365C9DDE634D}"
EndProject
Project("{FAE04EC0-301F-11D3-BF4B-00C04F79EFBC}") = "Tyuiu.AshirbakievAR.Sprint6.Task0.V4.Lib", "Tyuiu.AshirbakievAR.Sprint6.Task0.V4.Lib\Tyuiu.AshirbakievAR.Sprint6.Task0.V4.Lib.csproj", "{C4DE8F06-8BF7-4F21-A65B-24A40DC63A2A}"
EndProject
Project("{FAE04EC0-301F-11D3-BF4B-00C04F79EFBC}") = "Tyuiu.AshirbakievAR.Sprint6.Task0.V4.Test", "Tyuiu.AshirbakievAR.Sprint6.Task0.V4.Test\Tyuiu.AshirbakievAR.Sprint6.Task0.V4.Test.csproj", "{874D1BEE-09A4-4BF6-9150-BB91A4289E97}"
EndProject
Project("{FAE04EC0-301F-11D3-BF4B-00C04F79EFBC}") = "Tyuiu.AshirbakievAR.Sprint6.Task0.V4", "Tyuiu.AshirbakievAR.Sprint6.Task0.V4\Tyuiu.AshirbakievAR.Sprint6.Task0.V4.csproj", "{DEEBD211-897B-4DC6-A0D4-F9461C8ED473}"
EndProject
Project("{2150E333-8FDC-42A3-9474-1A3956D46DE8}") = "Task1", "Task1", "{99FC0C26-AB85-45A9-A140-6A1BD9CD7BDE}"
EndProject
Project("{FAE04EC0-301F-11D3-BF4B-00C04F79EFBC}") = "Tyuiu.AshirbakievAR.Sprint6.Task1.V2.Lib", "Tyuiu.AshirbakievAR.Sprint6.Task1.V2.Lib\Tyuiu.AshirbakievAR.Sprint6.Task1.V2.Lib.csproj", "{54278E1E-54C2-4FB0-B23A-28E09AA41FB7}"
EndProject
Project("{FAE04EC0-301F-11D3-BF4B-00C04F79EFBC}") = "Tyuiu.AshirbakievAR.Sprint6.Task1.V2.Test", "Tyuiu.AshirbakievAR.Sprint6.Task1.V2.Test\Tyuiu.AshirbakievAR.Sprint6.Task1.V2.Test.csproj", "{E79AFD51-A5C6-42B5-B94C-6EA4FD11F96E}"
EndProject
Project("{FAE04EC0-301F-11D3-BF4B-00C04F79EFBC}") = "Tyuiu.AshirbakievAR.Sprint6.Task1.V2", "Tyuiu.AshirbakievAR.Sprint6.Task1.V2\Tyuiu.AshirbakievAR.Sprint6.Task1.V2.csproj", "{C402139D-8B34-4FE3-962C-C43E5CA6FDB0}"
EndProject
Project("{2150E333-8FDC-42A3-9474-1A3956D46DE8}") = "Task2", "Task2", "{A02BC64F-3B63-4BFA-8AB5-01F03154F090}"
EndProject
Project("{FAE04EC0-301F-11D3-BF4B-00C04F79EFBC}") = "Tyuiu.AshirbakievAR.Sprint6.Task2.V15.Lib", "Tyuiu.AshirbakievAR.Sprint6.Task2.V15.Lib\Tyuiu.AshirbakievAR.Sprint6.Task2.V15.Lib.csproj", "{C9E24342-1BD9-4760-877F-95443C960926}"
EndProject
Project("{FAE04EC0-301F-11D3-BF4B-00C04F79EFBC}") = "Tyuiu.AshirbakievAR.Sprint6.Task2.V15.Test", "Tyuiu.AshirbakievAR.Sprint6.Task2.V15.Test\Tyuiu.AshirbakievAR.Sprint6.Task2.V15.Test.csproj", "{1DEA4152-41A0-4492-AA4E-E4A83C06940E}"
EndProject
Project("{FAE04EC0-301F-11D3-BF4B-00C04F79EFBC}") = "Tyuiu.AshirbakievAR.Sprint6.Task2.V15", "Tyuiu.AshirbakievAR.Sprint6.Task2.V15\Tyuiu.AshirbakievAR.Sprint6.Task2.V15.csproj", "{507ECAF3-C4DB-4AAE-8BC1-17E13EB8CA24}"
EndProject
Project("{2150E333-8FDC-42A3-9474-1A3956D46DE8}") = "Task3", "Task3", "{22D0FCAB-E760-4BB7-8D29-3FA58BA0C37B}"
EndProject
Project("{FAE04EC0-301F-11D3-BF4B-00C04F79EFBC}") = "Tyuiu.AshirbakievAR.Sprint6.Task3.V17.Lib", "Tyuiu.AshirbakievAR.Sprint6.Task3.V17.Lib\Tyuiu.AshirbakievAR.Sprint6.Task3.V17.Lib.csproj", "{5433EC5F-2C7C-47BC-AC1C-735C92BEF946}"
EndProject
Project("{FAE04EC0-301F-11D3-BF4B-00C04F79EFBC}") = "Tyuiu.AshirbakievAR.Sprint6.Task3.V17.Test", "Tyuiu.AshirbakievAR.Sprint6.Task3.V17.Test\Tyuiu.AshirbakievAR.Sprint6.Task3.V17.Test.csproj", "{1C41CC00-4CAF-4372-9B56-6477559AEE4F}"
EndProject
Project("{FAE04EC0-301F-11D3-BF4B-00C04F79EFBC}") = "Tyuiu.AshirbakievAR.Sprint6.Task3.V17", "Tyuiu.AshirbakievAR.Sprint6.Task3.V17\Tyuiu.AshirbakievAR.Sprint6.Task3.V17.csproj", "{130E2D0D-41EE-4188-953E-BB249BC31359}"
EndProject
Project("{2150E333-8FDC-42A3-9474-1A3956D46DE8}") = "Task4", "Task4", "{0620F627-1F4E-43C0-A9DE-CA3341BC025E}"
EndProject
Project("{FAE04EC0-301F-11D3-BF4B-00C04F79EFBC}") = "Tyuiu.AshirbakievAR.Sprint6.Task4.V17.Lib", "Tyuiu.AshirbakievAR.Sprint6.Task4.V17.Lib\Tyuiu.AshirbakievAR.Sprint6.Task4.V17.Lib.csproj", "{4E7232F0-A217-486F-8975-01718D107FC9}"
EndProject
Project("{FAE04EC0-301F-11D3-BF4B-00C04F79EFBC}") = "Tyuiu.AshirbakievAR.Sprint6.Task4.V17.Test", "Tyuiu.AshirbakievAR.Sprint6.Task4.V17.Test\Tyuiu.AshirbakievAR.Sprint6.Task4.V17.Test.csproj", "{B595DD5B-0648-4ABA-85BE-F02A1A0F256B}"
EndProject
Project("{FAE04EC0-301F-11D3-BF4B-00C04F79EFBC}") = "Tyuiu.AshirbakievAR.Sprint6.Task4.V17", "Tyuiu.AshirbakievAR.Sprint6.Task4.V17\Tyuiu.AshirbakievAR.Sprint6.Task4.V17.csproj", "{8113132E-1BE9-480A-8468-FCA770A9BD31}"
EndProject
Project("{2150E333-8FDC-42A3-9474-1A3956D46DE8}") = "Task5", "Task5", "{545C21B0-141C-41CE-A4A5-303381EFA7C9}"
EndProject
Project("{FAE04EC0-301F-11D3-BF4B-00C04F79EFBC}") = "Tyuiu.AshirbakievAR.Sprint6.Task5.V12.Lib", "Tyuiu.AshirbakievAR.Sprint6.Task5.V12.Lib\Tyuiu.AshirbakievAR.Sprint6.Task5.V12.Lib.csproj", "{830753C0-7971-4492-9DDA-7A0D27CD5BE5}"
EndProject
Project("{FAE04EC0-301F-11D3-BF4B-00C04F79EFBC}") = "Tyuiu.AshirbakievAR.Sprint6.Task5.V12.Test", "Tyuiu.AshirbakievAR.Sprint6.Task5.V12.Test\Tyuiu.AshirbakievAR.Sprint6.Task5.V12.Test.csproj", "{EF920E3A-01E8-4ADB-B060-1973F98CAD72}"
EndProject
Project("{FAE04EC0-301F-11D3-BF4B-00C04F79EFBC}") = "Tyuiu.AshirbakievAR.Sprint6.Task5.V12", "Tyuiu.AshirbakievAR.Sprint6.Task5.V12\Tyuiu.AshirbakievAR.Sprint6.Task5.V12.csproj", "{F7354D64-876C-45A4-BAD2-4E4C1953CF0C}"
EndProject
Project("{2150E333-8FDC-42A3-9474-1A3956D46DE8}") = "Task6", "Task6", "{5FB85B40-B300-4FF6-A1D1-23E9D58DEE9B}"
EndProject
Project("{FAE04EC0-301F-11D3-BF4B-00C04F79EFBC}") = "Tyuiu.AshirbakievAR.Sprint6.Task6.V5.Lib", "Tyuiu.AshirbakievAR.Sprint6.Task6.V5.Lib\Tyuiu.AshirbakievAR.Sprint6.Task6.V5.Lib.csproj", "{D4A62F11-6D0B-43B5-855C-40B3005006CB}"
EndProject
Project("{FAE04EC0-301F-11D3-BF4B-00C04F79EFBC}") = "Tyuiu.AshirbakievAR.Sprint6.Task6.V5.Test", "Tyuiu.AshirbakievAR.Sprint6.Task6.V5.Test\Tyuiu.AshirbakievAR.Sprint6.Task6.V5.Test.csproj", "{B508F223-9458-4A54-838F-3F6918A6457A}"
EndProject
Project("{FAE04EC0-301F-11D3-BF4B-00C04F79EFBC}") = "Tyuiu.AshirbakievAR.Sprint6.Task6.V5", "Tyuiu.AshirbakievAR.Sprint6.Task6.V5\Tyuiu.AshirbakievAR.Sprint6.Task6.V5.csproj", "{44C9495A-4198-46F4-98AD-4EF7F1C73008}"
EndProject
Project("{2150E333-8FDC-42A3-9474-1A3956D46DE8}") = "Task7", "Task7", "{5AD30972-50B6-40C7-9BDF-43EF5E32550F}"
EndProject
Project("{FAE04EC0-301F-11D3-BF4B-00C04F79EFBC}") = "Tyuiu.AshirbakievAR.Sprint6.Task7.V21.Lib", "Tyuiu.AshirbakievAR.Sprint6.Task7.V21.Lib\Tyuiu.AshirbakievAR.Sprint6.Task7.V21.Lib.csproj", "{1C55ACDF-01AF-45F5-82D7-F675E4CBC8E3}"
EndProject
Project("{FAE04EC0-301F-11D3-BF4B-00C04F79EFBC}") = "Tyuiu.AshirbakievAR.Sprint6.Task7.V21.Test", "Tyuiu.AshirbakievAR.Sprint6.Task7.V21.Test\Tyuiu.AshirbakievAR.Sprint6.Task7.V21.Test.csproj", "{16F89D9B-8C68-4EDC-9B48-B4AE99ECA4ED}"
EndProject
Project("{FAE04EC0-301F-11D3-BF4B-00C04F79EFBC}") = "Tyuiu.AshirbakievAR.Sprint6.Task7.V21", "Tyuiu.AshirbakievAR.Sprint6.Task7.V21\Tyuiu.AshirbakievAR.Sprint6.Task7.V21.csproj", "{A356D32E-7828-4DDA-8841-86678CF0B3F1}"
EndProject
Global
	GlobalSection(SolutionConfigurationPlatforms) = preSolution
		Debug|Any CPU = Debug|Any CPU
		Release|Any CPU = Release|Any CPU
	EndGlobalSection
	GlobalSection(ProjectConfigurationPlatforms) = postSolution
		{C4DE8F06-8BF7-4F21-A65B-24A40DC63A2A}.Debug|Any CPU.ActiveCfg = Debug|Any CPU
		{C4DE8F06-8BF7-4F21-A65B-24A40DC63A2A}.Debug|Any CPU.Build.0 = Debug|Any CPU
		{C4DE8F06-8BF7-4F21-A65B-24A40DC63A2A}.Release|Any CPU.ActiveCfg = Release|Any CPU
		{C4DE8F06-8BF7-4F21-A65B-24A40DC63A2A}.Release|Any CPU.Build.0 = Release|Any CPU
		{874D1BEE-09A4-4BF6-9150-BB91A4289E97}.Debug|Any CPU.ActiveCfg = Debug|Any CPU
		{874D1BEE-09A4-4BF6-9150-BB91A4289E97}.Debug|Any CPU.Build.0 = Debug|Any CPU
		{874D1BEE-09A4-4BF6-9150-BB91A4289E97}.Release|Any CPU.ActiveCfg = Release|Any CPU
		{874D1BEE-09A4-4BF6-9150-BB91A4289E97}.Release|Any CPU.Build.0 = Release|Any CPU
		{DEEBD211-897B-4DC6-A0D4-F9461C8ED473}.Debug|Any CPU.ActiveCfg = Debug|Any CPU
		{DEEBD211-897B-4DC6-A0D4-F9461C8ED473}.Debug|Any CPU.Build.0 = Debug|Any CPU
		{DEEBD211-897B-4DC6-A0D4-F9461C8ED473}.Release|Any CPU.ActiveCfg = Release|Any CPU
		{DEEBD211-897B-4DC6-A0D4-F9461C8ED473}.Release|Any CPU.Build.0 = Release|Any CPU
		{54278E1E-54C2-4FB0-B23A-28E09AA41FB7}.Debug|Any CPU.ActiveCfg = Debug|Any CPU
		{54278E1E-54C2-4FB0-B23A-28E09AA41FB7}.Debug|Any CPU.Build.0 = Debug|Any CPU
		{54278E1E-54C2-4FB0-B23A-28E09AA41FB7}.Release|Any CPU.ActiveCfg = Release|Any CPU
		{54278E1E-54C2-4FB0-B23A-28E09AA41FB7}.Release|Any CPU.Build.0 = Release|Any CPU
		{E79AFD51-A5C6-42B5-B94C-6EA4FD11F96E}.Debug|Any CPU.ActiveCfg = Debug|Any CPU
		{E79AFD51-A5C6-42B5-B94C-6EA4FD11F96E}.Debug|Any CPU.Build.0 = Debug|Any CPU
		{E79AFD51-A5C6-42B5-B94C-6EA4FD11F96E}.Release|Any CPU.ActiveCfg = Release|Any CPU
		{E79AFD51-A5C6-42B5-B94C-6EA4FD11F96E}.Release|Any CPU.Build.0 = Release|Any CPU
		{C402139D-8B34-4FE3-962C-C43E5CA6FDB0}.Debug|Any CPU.ActiveCfg = Debug|Any CPU
		{C402139D-8B34-4FE3-962C-C43E5CA6FDB0}.Debug|Any CPU.Build.0 = Debug|Any CPU
		{C402139D-8B34-4FE3-962C-C43E5CA6FDB0}.Release|Any CPU.ActiveCfg = Release|Any CPU
		{C402139D-8B34-4FE3-962C-C43E5CA6FDB0}.Release|Any CPU.Build.0 = Release|Any CPU
		{C9E24342-1BD9-4760-877F-95443C960926}.Debug|Any CPU.ActiveCfg = Debug|Any CPU
		{C9E24342-1BD9-4760-877F-95443C960926}.Debug|Any CPU.Build.0 = Debug|Any CPU
		{C9E24342-1BD9-4760-877F-95443C960926}.Release|Any CPU.ActiveCfg = Release|Any CPU
		{C9E24342-1BD9-4760-877F-95443C960926}.Release|Any CPU.Build.0 = Release|Any CPU
		{1DEA4152-41A0-4492-AA4E-E4A83C06940E}.Debug|Any CPU.ActiveCfg = Debug|Any CPU
		{1DEA4152-41A0-4492-AA4E-E4A83C06940E}.Debug|Any CPU.Build.0 = Debug|Any CPU
		{1DEA4152-41A0-4492-AA4E-E4A83C06940E}.Release|Any CPU.ActiveCfg = Release|Any CPU
		{1DEA4152-41A0-4492-AA4E-E4A83C06940E}.Release|Any CPU.Build.0 = Release|Any CPU
		{507ECAF3-C4DB-4AAE-8BC1-17E13EB8CA24}.Debug|Any CPU.ActiveCfg = Debug|Any CPU
		{507ECAF3-C4DB-4AAE-8BC1-17E13EB8CA24}.Debug|Any CPU.Build.0 = Debug|Any CPU
		{507ECAF3-C4DB-4AAE-8BC1-17E13EB8CA24}.Release|Any CPU.ActiveCfg = Release|Any CPU
		{507ECAF3-C4DB-4AAE-8BC1-17E13EB8CA24}.Release|Any CPU.Build.0 = Release|Any CPU
		{5433EC5F-2C7C-47BC-AC1C-735C92BEF946}.Debug|Any CPU.ActiveCfg = Debug|Any CPU
		{5433EC5F-2C7C-47BC-AC1C-735C92BEF946}.Debug|Any CPU.Build.0 = Debug|Any CPU
		{5433EC5F-2C7C-47BC-AC1C-735C92BEF946}.Release|Any CPU.ActiveCfg = Release|Any CPU
		{5433EC5F-2C7C-47BC-AC1C-735C92BEF946}.Release|Any CPU.Build.0 = Release|Any CPU
		{1C41CC00-4CAF-4372-9B56-6477559AEE4F}.Debug|Any CPU.ActiveCfg = Debug|Any CPU
		{1C41CC00-4CAF-4372-9B56-6477559AEE4F}.Debug|Any CPU.Build.0 = Debug|Any CPU
		{1C41CC00-4CAF-4372-9B56-6477559AEE4F}.Release|Any CPU.ActiveCfg = Release|Any CPU
		{1C41CC00-4CAF-4372-9B56-6477559AEE4F}.Release|Any CPU.Build.0 = Release|Any CPU
		{130E2D0D-41EE-4188-953E-BB249BC31359}.Debug|Any CPU.ActiveCfg = Debug|Any CPU
		{130E2D0D-41EE-4188-953E-BB249BC31359}.Debug|Any CPU.Build.0 = Debug|Any CPU
		{130E2D0D-41EE-4188-953E-BB249BC31359}.Release|Any CPU.ActiveCfg = Release|Any CPU
		{130E2D0D-41EE-4188-953E-BB249BC31359}.Release|Any CPU.Build.0 = Release|Any CPU
		{4E7232F0-A217-486F-8975-01718D107FC9}.Debug|Any CPU.ActiveCfg = Debug|Any CPU
		{4E7232F0-A217-486F-8975-01718D107FC9}.Debug|Any CPU.Build.0 = Debug|Any CPU
		{4E7232F0-A217-486F-8975-01718D107FC9}.Release|Any CPU.ActiveCfg = Release|Any CPU
		{4E7232F0-A217-486F-8975-01718D107FC9}.Release|Any CPU.Build.0 = Release|Any CPU
		{B595DD5B-0648-4ABA-85BE-F02A1A0F256B}.Debug|Any CPU.ActiveCfg = Debug|Any CPU
		{B595DD5B-0648-4ABA-85BE-F02A1A0F256B}.Debug|Any CPU.Build.0 = Debug|Any CPU
		{B595DD5B-0648-4ABA-85BE-F02A1A0F256B}.Release|Any CPU.ActiveCfg = Release|Any CPU
		{B595DD5B-0648-4ABA-85BE-F02A1A0F256B}.Release|Any CPU.Build.0 = Release|Any CPU
		{8113132E-1BE9-480A-8468-FCA770A9BD31}.Debug|Any CPU.ActiveCfg = Debug|Any CPU
		{8113132E-1BE9-480A-8468-FCA770A9BD31}.Debug|Any CPU.Build.0 = Debug|Any CPU
		{8113132E-1BE9-480A-8468-FCA770A9BD31}.Release|Any CPU.ActiveCfg = Release|Any CPU
		{8113132E-1BE9-480A-8468-FCA770A9BD31}.Release|Any CPU.Build.0 = Release|Any CPU
		{830753C0-7971-4492-9DDA-7A0D27CD5BE5}.Debug|Any CPU.ActiveCfg = Debug|Any CPU
		{830753C0-7971-4492-9DDA-7A0D27CD5BE5}.Debug|Any CPU.Build.0 = Debug|Any CPU
		{830753C0-7971-4492-9DDA-7A0D27CD5BE5}.Release|Any CPU.ActiveCfg = Release|Any CPU
		{830753C0-7971-4492-9DDA-7A0D27CD5BE5}.Release|Any CPU.Build.0 = Release|Any CPU
		{EF920E3A-01E8-4ADB-B060-1973F98CAD72}.Debug|Any CPU.ActiveCfg = Debug|Any CPU
		{EF920E3A-01E8-4ADB-B060-1973F98CAD72}.Debug|Any CPU.Build.0 = Debug|Any CPU
		{EF920E3A-01E8-4ADB-B060-1973F98CAD72}.Release|Any CPU.ActiveCfg = Release|Any CPU
		{EF920E3A-01E8-4ADB-B060-1973F98CAD72}.Release|Any CPU.Build.0 = Release|Any CPU
		{F7354D64-876C-45A4-BAD2-4E4C1953CF0C}.Debug|Any CPU.ActiveCfg = Debug|Any CPU
		{F7354D64-876C-45A4-BAD2-4E4C1953CF0C}.Debug|Any CPU.Build.0 = Debug|Any CPU
		{F7354D64-876C-45A4-BAD2-4E4C1953CF0C}.Release|Any CPU.ActiveCfg = Release|Any CPU
		{F7354D64-876C-45A4-BAD2-4E4C1953CF0C}.Release|Any CPU.Build.0 = Release|Any CPU
		{D4A62F11-6D0B-43B5-855C-40B3005006CB}.Debug|Any CPU.ActiveCfg = Debug|Any CPU
		{D4A62F11-6D0B-43B5-855C-40B3005006CB}.Debug|Any CPU.Build.0 = Debug|Any CPU
		{D4A62F11-6D0B-43B5-855C-40B3005006CB}.Release|Any CPU.ActiveCfg = Release|Any CPU
		{D4A62F11-6D0B-43B5-855C-40B3005006CB}.Release|Any CPU.Build.0 = Release|Any CPU
		{B508F223-9458-4A54-838F-3F6918A6457A}.Debug|Any CPU.ActiveCfg = Debug|Any CPU
		{B508F223-9458-4A54-838F-3F6918A6457A}.Debug|Any CPU.Build.0 = Debug|Any CPU
		{B508F223-9458-4A54-838F-3F6918A6457A}.Release|Any CPU.ActiveCfg = Release|Any CPU
		{B508F223-9458-4A54-838F-3F6918A6457A}.Release|Any CPU.Build.0 = Release|Any CPU
		{44C9495A-4198-46F4-98AD-4EF7F1C73008}.Debug|Any CPU.ActiveCfg = Debug|Any CPU
		{44C9495A-4198-46F4-98AD-4EF7F1C73008}.Debug|Any CPU.Build.0 = Debug|Any CPU
		{44C9495A-4198-46F4-98AD-4EF7F1C73008}.Release|Any CPU.ActiveCfg = Release|Any CPU
		{44C9495A-4198-46F4-98AD-4EF7F1C73008}.Release|Any CPU.Build.0 = Release|Any CPU
		{1C55ACDF-01AF-45F5-82D7-F675E4CBC8E3}.Debug|Any CPU.ActiveCfg = Debug|Any CPU
		{1C55ACDF-01AF-45F5-82D7-F675E4CBC8E3}.Debug|Any CPU.Build.0 = Debug|Any CPU
		{1C55ACDF-01AF-45F5-82D7-F675E4CBC8E3}.Release|Any CPU.ActiveCfg = Release|Any CPU
		{1C55ACDF-01AF-45F5-82D7-F675E4CBC8E3}.Release|Any CPU.Build.0 = Release|Any CPU
		{16F89D9B-8C68-4EDC-9B48-B4AE99ECA4ED}.Debug|Any CPU.ActiveCfg = Debug|Any CPU
		{16F89D9B-8C68-4EDC-9B48-B4AE99ECA4ED}.Debug|Any CPU.Build.0 = Debug|Any CPU
		{16F89D9B-8C68-4EDC-9B48-B4AE99ECA4ED}.Release|Any CPU.ActiveCfg = Release|Any CPU
		{16F89D9B-8C68-4EDC-9B48-B4AE99ECA4ED}.Release|Any CPU.Build.0 = Release|Any CPU
		{A356D32E-7828-4DDA-8841-86678CF0B3F1}.Debug|Any CPU.ActiveCfg = Debug|Any CPU
		{A356D32E-7828-4DDA-8841-86678CF0B3F1}.Debug|Any CPU.Build.0 = Debug|Any CPU
		{A356D32E-7828-4DDA-8841-86678CF0B3F1}.Release|Any CPU.ActiveCfg = Release|Any CPU
		{A356D32E-7828-4DDA-8841-86678CF0B3F1}.Release|Any CPU.Build.0 = Release|Any CPU
	EndGlobalSection
	GlobalSection(SolutionProperties) = preSolution
		HideSolutionNode = FALSE
	EndGlobalSection
	GlobalSection(NestedProjects) = preSolution
		{C4DE8F06-8BF7-4F21-A65B-24A40DC63A2A} = {AE1539E7-8205-4B99-9BA2-365C9DDE634D}
		{874D1BEE-09A4-4BF6-9150-BB91A4289E97} = {AE1539E7-8205-4B99-9BA2-365C9DDE634D}
		{DEEBD211-897B-4DC6-A0D4-F9461C8ED473} = {AE1539E7-8205-4B99-9BA2-365C9DDE634D}
		{54278E1E-54C2-4FB0-B23A-28E09AA41FB7} = {99FC0C26-AB85-45A9-A140-6A1BD9CD7BDE}
		{E79AFD51-A5C6-42B5-B94C-6EA4FD11F96E} = {99FC0C26-AB85-45A9-A140-6A1BD9CD7BDE}
		{C402139D-8B34-4FE3-962C-C43E5CA6FDB0} = {99FC0C26-AB85-45A9-A140-6A1BD9CD7BDE}
		{C9E24342-1BD9-4760-877F-95443C960926} = {A02BC64F-3B63-4BFA-8AB5-01F03154F090}
		{1DEA4152-41A0-4492-AA4E-E4A83C06940E} = {A02BC64F-3B63-4BFA-8AB5-01F03154F090}
		{507ECAF3-C4DB-4AAE-8BC1-17E13EB8CA24} = {A02BC64F-3B63-4BFA-8AB5-01F03154F090}
		{5433EC5F-2C7C-47BC-AC1C-735C92BEF946} = {22D0FCAB-E760-4BB7-8D29-3FA58BA0C37B}
		{1C41CC00-4CAF-4372-9B56-6477559AEE4F} = {22D0FCAB-E760-4BB7-8D29-3FA58BA0C37B}
		{130E2D0D-41EE-4188-953E-BB249BC31359} = {22D0FCAB-E760-4BB7-8D29-3FA58BA0C37B}
		{4E7232F0-A217-486F-8975-01718D107FC9} = {0620F627-1F4E-43C0-A9DE-CA3341BC025E}
		{B595DD5B-0648-4ABA-85BE-F02A1A0F256B} = {0620F627-1F4E-43C0-A9DE-CA3341BC025E}
		{8113132E-1BE9-480A-8468-FCA770A9BD31} = {0620F627-1F4E-43C0-A9DE-CA3341BC025E}
		{830753C0-7971-4492-9DDA-7A0D27CD5BE5} = {545C21B0-141C-41CE-A4A5-303381EFA7C9}
		{EF920E3A-01E8-4ADB-B060-1973F98CAD72} = {545C21B0-141C-41CE-A4A5-303381EFA7C9}
		{F7354D64-876C-45A4-BAD2-4E4C1953CF0C} = {545C21B0-141C-41CE-A4A5-303381EFA7C9}
		{D4A62F11-6D0B-43B5-855C-40B3005006CB} = {5FB85B40-B300-4FF6-A1D1-23E9D58DEE9B}
		{B508F223-9458-4A54-838F-3F6918A6457A} = {5FB85B40-B300-4FF6-A1D1-23E9D58DEE9B}
		{44C9495A-4198-46F4-98AD-4EF7F1C73008} = {5FB85B40-B300-4FF6-A1D1-23E9D58DEE9B}
		{1C55ACDF-01AF-45F5-82D7-F675E4CBC8E3} = {5AD30972-50B6-40C7-9BDF-43EF5E32550F}
		{16F89D9B-8C68-4EDC-9B48-B4AE99ECA4ED} = {5AD30972-50B6-40C7-9BDF-43EF5E32550F}
		{A356D32E-7828-4DDA-8841-86678CF0B3F1} = {5AD30972-50B6-40C7-9BDF-43EF5E32550F}
	EndGlobalSection
	GlobalSection(ExtensibilityGlobals) = postSolution
		SolutionGuid = {89C96AC6-DF6E-4B11-A515-B46229D61E90}
	EndGlobalSection
EndGlobal
